<?xml version="1.0" encoding="utf-8"?>
<Project ToolsVersion="4.0" xmlns="http://schemas.microsoft.com/developer/msbuild/2003">
  <ItemGroup>
    <Filter Include="Platform">
      <UniqueIdentifier>{2AC788B4-1694-E3BF-3FAD-D1672BD9184E}</UniqueIdentifier>
    </Filter>
    <Filter Include="Platform\Windows">
      <UniqueIdentifier>{64FBD71A-50F4-F66C-7926-DCF1657ED678}</UniqueIdentifier>
    </Filter>
    <Filter Include="spyce">
      <UniqueIdentifier>{697C5F10-D590-87C1-9E12-2B210AE683F2}</UniqueIdentifier>
    </Filter>
    <Filter Include="spyce\data_structures">
      <UniqueIdentifier>{95AD1619-011A-D213-CA0D-6A713639F47B}</UniqueIdentifier>
    </Filter>
    <Filter Include="spyce\events">
      <UniqueIdentifier>{4D0CB7EF-396F-4694-E2F4-7E4ACE361217}</UniqueIdentifier>
    </Filter>
  </ItemGroup>
  <ItemGroup>
    <ClInclude Include="src\Header.h" />
    <ClInclude Include="src\platform\Windows\windows_window.h">
      <Filter>Platform\Windows</Filter>
    </ClInclude>
    <ClInclude Include="src\scpch.h" />
    <ClInclude Include="src\spyce.h" />
    <ClInclude Include="src\spyce\application.h">
      <Filter>spyce</Filter>
    </ClInclude>
    <ClInclude Include="src\spyce\core.h">
      <Filter>spyce</Filter>
    </ClInclude>
    <ClInclude Include="src\spyce\data_structures\list.h">
      <Filter>spyce\data_structures</Filter>
    </ClInclude>
    <ClInclude Include="src\spyce\entry_point.h">
      <Filter>spyce</Filter>
    </ClInclude>
    <ClInclude Include="src\spyce\events\event.h">
      <Filter>spyce\events</Filter>
    </ClInclude>
    <ClInclude Include="src\spyce\events\key_event.h">
      <Filter>spyce\events</Filter>
    </ClInclude>
    <ClInclude Include="src\spyce\events\mouse_event.h">
      <Filter>spyce\events</Filter>
    </ClInclude>
    <ClInclude Include="src\spyce\events\window_event.h">
      <Filter>spyce\events</Filter>
    </ClInclude>
    <ClInclude Include="src\spyce\log.h">
      <Filter>spyce</Filter>
    </ClInclude>
    <ClInclude Include="src\spyce\math.h">
      <Filter>spyce</Filter>
    </ClInclude>
    <ClInclude Include="src\spyce\random.h">
      <Filter>spyce</Filter>
    </ClInclude>
    <ClInclude Include="src\spyce\window.h">
      <Filter>spyce</Filter>
    </ClInclude>
  </ItemGroup>
  <ItemGroup>
    <ClCompile Include="src\platform\Windows\windows_window.cpp">
      <Filter>Platform\Windows</Filter>
    </ClCompile>
    <ClCompile Include="src\scpch.cpp" />
    <ClCompile Include="src\spyce\application.cpp">
      <Filter>spyce</Filter>
    </ClCompile>
    <ClCompile Include="src\spyce\log.cpp">
      <Filter>spyce</Filter>
    </ClCompile>
    <ClCompile Include="src\spyce\random.cpp">
      <Filter>spyce</Filter>
    </ClCompile>
  </ItemGroup>
</Project>